Microsoft Visual Studio Solution File, Format Version 10.00
# Visual Studio 2008
Project("{8BC9CEB8-8B4A-11D0-8D11-00A0C91BC942}") = "TJZip", "Core\TJZip\TJZip.vcproj", "{B8F21B3E-BF0E-4514-B71C-7CDC0AFF9BDB}"
	ProjectSection(ProjectDependencies) = postProject
		{74D222D8-DAE6-4EB2-BC62-8F6927E275A4} = {74D222D8-DAE6-4EB2-BC62-8F6927E275A4}
	EndProjectSection
EndProject
Project("{8BC9CEB8-8B4A-11D0-8D11-00A0C91BC942}") = "TJingle", "ShowControl\TJingle\TJingle.vcproj", "{BA05CEDE-665A-4E82-976D-113E36CED868}"
	ProjectSection(ProjectDependencies) = postProject
		{1AEEC2CF-AC94-45E2-A274-781E0E904D29} = {1AEEC2CF-AC94-45E2-A274-781E0E904D29}
		{74D222D8-DAE6-4EB2-BC62-8F6927E275A4} = {74D222D8-DAE6-4EB2-BC62-8F6927E275A4}
	EndProjectSection
EndProject
Project("{8BC9CEB8-8B4A-11D0-8D11-00A0C91BC942}") = "TJShared", "Core\TJShared\TJShared.vcproj", "{74D222D8-DAE6-4EB2-BC62-8F6927E275A4}"
EndProject
Project("{8BC9CEB8-8B4A-11D0-8D11-00A0C91BC942}") = "TJScript", "Core\TJScript\TJScript.vcproj", "{D4EAFD13-7D45-4DA8-A68D-2000FC2FE6BB}"
	ProjectSection(ProjectDependencies) = postProject
		{74D222D8-DAE6-4EB2-BC62-8F6927E275A4} = {74D222D8-DAE6-4EB2-BC62-8F6927E275A4}
	EndProjectSection
EndProject
Project("{8BC9CEB8-8B4A-11D0-8D11-00A0C91BC942}") = "TJNP", "Core\TJNP\TJNP.vcproj", "{C8B29EE9-9A4D-4D41-8830-3A12ED553573}"
	ProjectSection(ProjectDependencies) = postProject
		{74D222D8-DAE6-4EB2-BC62-8F6927E275A4} = {74D222D8-DAE6-4EB2-BC62-8F6927E275A4}
	EndProjectSection
EndProject
Project("{8BC9CEB8-8B4A-11D0-8D11-00A0C91BC942}") = "TJDB", "Core\TJDB\TJDB.vcproj", "{9C2F5156-B33B-4A37-9963-42D2B98BC68D}"
	ProjectSection(ProjectDependencies) = postProject
		{74D222D8-DAE6-4EB2-BC62-8F6927E275A4} = {74D222D8-DAE6-4EB2-BC62-8F6927E275A4}
	EndProjectSection
EndProject
Project("{8BC9CEB8-8B4A-11D0-8D11-00A0C91BC942}") = "TJSharedUI", "Core\TJSharedUI\TJSharedUI.vcproj", "{1AEEC2CF-AC94-45E2-A274-781E0E904D29}"
	ProjectSection(ProjectDependencies) = postProject
		{74D222D8-DAE6-4EB2-BC62-8F6927E275A4} = {74D222D8-DAE6-4EB2-BC62-8F6927E275A4}
	EndProjectSection
EndProject
Project("{8BC9CEB8-8B4A-11D0-8D11-00A0C91BC942}") = "TJDummy", "ShowControl\Plugins\TJDummy\TJDummy.vcproj", "{12ABE3C7-21D7-4A43-B39D-438637272D84}"
	ProjectSection(ProjectDependencies) = postProject
		{1AEEC2CF-AC94-45E2-A274-781E0E904D29} = {1AEEC2CF-AC94-45E2-A274-781E0E904D29}
		{74D222D8-DAE6-4EB2-BC62-8F6927E275A4} = {74D222D8-DAE6-4EB2-BC62-8F6927E275A4}
	EndProjectSection
EndProject
Project("{8BC9CEB8-8B4A-11D0-8D11-00A0C91BC942}") = "TJData", "ShowControl\Plugins\TJData\TJData.vcproj", "{C82F8D29-1629-432B-9283-0C9D301EC88C}"
	ProjectSection(ProjectDependencies) = postProject
		{9C2F5156-B33B-4A37-9963-42D2B98BC68D} = {9C2F5156-B33B-4A37-9963-42D2B98BC68D}
		{1AEEC2CF-AC94-45E2-A274-781E0E904D29} = {1AEEC2CF-AC94-45E2-A274-781E0E904D29}
		{74D222D8-DAE6-4EB2-BC62-8F6927E275A4} = {74D222D8-DAE6-4EB2-BC62-8F6927E275A4}
	EndProjectSection
EndProject
Project("{8BC9CEB8-8B4A-11D0-8D11-00A0C91BC942}") = "TJDMX", "ShowControl\Plugins\TJDMX\TJDMX.vcproj", "{2EFF558B-0DE7-4427-9760-77D7F08BF2C0}"
	ProjectSection(ProjectDependencies) = postProject
		{D4EAFD13-7D45-4DA8-A68D-2000FC2FE6BB} = {D4EAFD13-7D45-4DA8-A68D-2000FC2FE6BB}
		{E0ABBF5F-77E6-40B4-8068-D7B390258897} = {E0ABBF5F-77E6-40B4-8068-D7B390258897}
		{1AEEC2CF-AC94-45E2-A274-781E0E904D29} = {1AEEC2CF-AC94-45E2-A274-781E0E904D29}
		{74D222D8-DAE6-4EB2-BC62-8F6927E275A4} = {74D222D8-DAE6-4EB2-BC62-8F6927E275A4}
	EndProjectSection
EndProject
Project("{8BC9CEB8-8B4A-11D0-8D11-00A0C91BC942}") = "TJMedia", "ShowControl\Plugins\TJMedia\TJMedia.vcproj", "{0F478167-6AA7-45DB-9293-E3651E279CEA}"
	ProjectSection(ProjectDependencies) = postProject
		{D4EAFD13-7D45-4DA8-A68D-2000FC2FE6BB} = {D4EAFD13-7D45-4DA8-A68D-2000FC2FE6BB}
		{1AEEC2CF-AC94-45E2-A274-781E0E904D29} = {1AEEC2CF-AC94-45E2-A274-781E0E904D29}
		{74D222D8-DAE6-4EB2-BC62-8F6927E275A4} = {74D222D8-DAE6-4EB2-BC62-8F6927E275A4}
	EndProjectSection
EndProject
Project("{8BC9CEB8-8B4A-11D0-8D11-00A0C91BC942}") = "TJMIDI", "ShowControl\Plugins\TJMIDI\TJMIDI.vcproj", "{935D671A-1D04-469C-AB88-145211CF871D}"
	ProjectSection(ProjectDependencies) = postProject
		{D4EAFD13-7D45-4DA8-A68D-2000FC2FE6BB} = {D4EAFD13-7D45-4DA8-A68D-2000FC2FE6BB}
		{1AEEC2CF-AC94-45E2-A274-781E0E904D29} = {1AEEC2CF-AC94-45E2-A274-781E0E904D29}
		{74D222D8-DAE6-4EB2-BC62-8F6927E275A4} = {74D222D8-DAE6-4EB2-BC62-8F6927E275A4}
	EndProjectSection
EndProject
Project("{8BC9CEB8-8B4A-11D0-8D11-00A0C91BC942}") = "TJOSC", "ShowControl\Plugins\TJOSC\TJOSC.vcproj", "{1C62B880-4617-4F19-9DC1-3147245BA2F4}"
	ProjectSection(ProjectDependencies) = postProject
		{6266CC58-D812-4B68-81DC-F57CE61CDCC2} = {6266CC58-D812-4B68-81DC-F57CE61CDCC2}
		{1AEEC2CF-AC94-45E2-A274-781E0E904D29} = {1AEEC2CF-AC94-45E2-A274-781E0E904D29}
		{74D222D8-DAE6-4EB2-BC62-8F6927E275A4} = {74D222D8-DAE6-4EB2-BC62-8F6927E275A4}
	EndProjectSection
EndProject
Project("{8BC9CEB8-8B4A-11D0-8D11-00A0C91BC942}") = "TJTransfer", "ShowControl\Plugins\TJTransfer\TJTransfer.vcproj", "{C63F925C-AA87-4BFC-8435-474F285B5308}"
	ProjectSection(ProjectDependencies) = postProject
		{1AEEC2CF-AC94-45E2-A274-781E0E904D29} = {1AEEC2CF-AC94-45E2-A274-781E0E904D29}
		{74D222D8-DAE6-4EB2-BC62-8F6927E275A4} = {74D222D8-DAE6-4EB2-BC62-8F6927E275A4}
		{C8B29EE9-9A4D-4D41-8830-3A12ED553573} = {C8B29EE9-9A4D-4D41-8830-3A12ED553573}
	EndProjectSection
EndProject
Project("{8BC9CEB8-8B4A-11D0-8D11-00A0C91BC942}") = "TJScout", "Core\TJScout\TJScout.vcproj", "{6266CC58-D812-4B68-81DC-F57CE61CDCC2}"
	ProjectSection(ProjectDependencies) = postProject
		{74D222D8-DAE6-4EB2-BC62-8F6927E275A4} = {74D222D8-DAE6-4EB2-BC62-8F6927E275A4}
	EndProjectSection
EndProject
Project("{8BC9CEB8-8B4A-11D0-8D11-00A0C91BC942}") = "TJDMXEngine", "Core\TJDMXEngine\TJDMXEngine.vcproj", "{E0ABBF5F-77E6-40B4-8068-D7B390258897}"
	ProjectSection(ProjectDependencies) = postProject
		{74D222D8-DAE6-4EB2-BC62-8F6927E275A4} = {74D222D8-DAE6-4EB2-BC62-8F6927E275A4}
		{C8B29EE9-9A4D-4D41-8830-3A12ED553573} = {C8B29EE9-9A4D-4D41-8830-3A12ED553573}
	EndProjectSection
EndProject
Project("{8BC9CEB8-8B4A-11D0-8D11-00A0C91BC942}") = "TJShow", "ShowControl\TJShow\TJShow.vcproj", "{5C78C52E-E13A-40A3-9B2E-F3AE47814148}"
	ProjectSection(ProjectDependencies) = postProject
		{1AEEC2CF-AC94-45E2-A274-781E0E904D29} = {1AEEC2CF-AC94-45E2-A274-781E0E904D29}
		{74D222D8-DAE6-4EB2-BC62-8F6927E275A4} = {74D222D8-DAE6-4EB2-BC62-8F6927E275A4}
		{C8B29EE9-9A4D-4D41-8830-3A12ED553573} = {C8B29EE9-9A4D-4D41-8830-3A12ED553573}
	EndProjectSection
EndProject
Global
	GlobalSection(SolutionConfigurationPlatforms) = preSolution
		Debug|Win32 = Debug|Win32
		Release (Demo)|Win32 = Release (Demo)|Win32
		Release Demo|Win32 = Release Demo|Win32
		Release|Win32 = Release|Win32
	EndGlobalSection
	GlobalSection(ProjectConfigurationPlatforms) = postSolution
		{B8F21B3E-BF0E-4514-B71C-7CDC0AFF9BDB}.Debug|Win32.ActiveCfg = Debug|Win32
		{B8F21B3E-BF0E-4514-B71C-7CDC0AFF9BDB}.Debug|Win32.Build.0 = Debug|Win32
		{B8F21B3E-BF0E-4514-B71C-7CDC0AFF9BDB}.Release (Demo)|Win32.ActiveCfg = Release|Win32
		{B8F21B3E-BF0E-4514-B71C-7CDC0AFF9BDB}.Release (Demo)|Win32.Build.0 = Release|Win32
		{B8F21B3E-BF0E-4514-B71C-7CDC0AFF9BDB}.Release Demo|Win32.ActiveCfg = Release Demo|Win32
		{B8F21B3E-BF0E-4514-B71C-7CDC0AFF9BDB}.Release Demo|Win32.Build.0 = Release Demo|Win32
		{B8F21B3E-BF0E-4514-B71C-7CDC0AFF9BDB}.Release|Win32.ActiveCfg = Release|Win32
		{B8F21B3E-BF0E-4514-B71C-7CDC0AFF9BDB}.Release|Win32.Build.0 = Release|Win32
		{BA05CEDE-665A-4E82-976D-113E36CED868}.Debug|Win32.ActiveCfg = Debug|Win32
		{BA05CEDE-665A-4E82-976D-113E36CED868}.Debug|Win32.Build.0 = Debug|Win32
		{BA05CEDE-665A-4E82-976D-113E36CED868}.Release (Demo)|Win32.ActiveCfg = Release|Win32
		{BA05CEDE-665A-4E82-976D-113E36CED868}.Release Demo|Win32.ActiveCfg = Release Demo|Win32
		{BA05CEDE-665A-4E82-976D-113E36CED868}.Release Demo|Win32.Build.0 = Release Demo|Win32
		{BA05CEDE-665A-4E82-976D-113E36CED868}.Release|Win32.ActiveCfg = Release|Win32
		{BA05CEDE-665A-4E82-976D-113E36CED868}.Release|Win32.Build.0 = Release|Win32
		{74D222D8-DAE6-4EB2-BC62-8F6927E275A4}.Debug|Win32.ActiveCfg = Debug|Win32
		{74D222D8-DAE6-4EB2-BC62-8F6927E275A4}.Debug|Win32.Build.0 = Debug|Win32
		{74D222D8-DAE6-4EB2-BC62-8F6927E275A4}.Release (Demo)|Win32.ActiveCfg = Release (Demo)|Win32
		{74D222D8-DAE6-4EB2-BC62-8F6927E275A4}.Release (Demo)|Win32.Build.0 = Release (Demo)|Win32
		{74D222D8-DAE6-4EB2-BC62-8F6927E275A4}.Release Demo|Win32.ActiveCfg = Release Demo|Win32
		{74D222D8-DAE6-4EB2-BC62-8F6927E275A4}.Release Demo|Win32.Build.0 = Release Demo|Win32
		{74D222D8-DAE6-4EB2-BC62-8F6927E275A4}.Release|Win32.ActiveCfg = Release|Win32
		{74D222D8-DAE6-4EB2-BC62-8F6927E275A4}.Release|Win32.Build.0 = Release|Win32
		{D4EAFD13-7D45-4DA8-A68D-2000FC2FE6BB}.Debug|Win32.ActiveCfg = Debug|Win32
		{D4EAFD13-7D45-4DA8-A68D-2000FC2FE6BB}.Debug|Win32.Build.0 = Debug|Win32
		{D4EAFD13-7D45-4DA8-A68D-2000FC2FE6BB}.Release (Demo)|Win32.ActiveCfg = Release (Demo)|Win32
		{D4EAFD13-7D45-4DA8-A68D-2000FC2FE6BB}.Release (Demo)|Win32.Build.0 = Release (Demo)|Win32
		{D4EAFD13-7D45-4DA8-A68D-2000FC2FE6BB}.Release Demo|Win32.ActiveCfg = Release Demo|Win32
		{D4EAFD13-7D45-4DA8-A68D-2000FC2FE6BB}.Release Demo|Win32.Build.0 = Release Demo|Win32
		{D4EAFD13-7D45-4DA8-A68D-2000FC2FE6BB}.Release|Win32.ActiveCfg = Release|Win32
		{D4EAFD13-7D45-4DA8-A68D-2000FC2FE6BB}.Release|Win32.Build.0 = Release|Win32
		{C8B29EE9-9A4D-4D41-8830-3A12ED553573}.Debug|Win32.ActiveCfg = Debug|Win32
		{C8B29EE9-9A4D-4D41-8830-3A12ED553573}.Debug|Win32.Build.0 = Debug|Win32
		{C8B29EE9-9A4D-4D41-8830-3A12ED553573}.Release (Demo)|Win32.ActiveCfg = Release|Win32
		{C8B29EE9-9A4D-4D41-8830-3A12ED553573}.Release (Demo)|Win32.Build.0 = Release|Win32
		{C8B29EE9-9A4D-4D41-8830-3A12ED553573}.Release Demo|Win32.ActiveCfg = Release|Win32
		{C8B29EE9-9A4D-4D41-8830-3A12ED553573}.Release Demo|Win32.Build.0 = Release|Win32
		{C8B29EE9-9A4D-4D41-8830-3A12ED553573}.Release|Win32.ActiveCfg = Release|Win32
		{C8B29EE9-9A4D-4D41-8830-3A12ED553573}.Release|Win32.Build.0 = Release|Win32
		{9C2F5156-B33B-4A37-9963-42D2B98BC68D}.Debug|Win32.ActiveCfg = Debug|Win32
		{9C2F5156-B33B-4A37-9963-42D2B98BC68D}.Debug|Win32.Build.0 = Debug|Win32
		{9C2F5156-B33B-4A37-9963-42D2B98BC68D}.Release (Demo)|Win32.ActiveCfg = Release|Win32
		{9C2F5156-B33B-4A37-9963-42D2B98BC68D}.Release (Demo)|Win32.Build.0 = Release|Win32
		{9C2F5156-B33B-4A37-9963-42D2B98BC68D}.Release Demo|Win32.ActiveCfg = Release|Win32
		{9C2F5156-B33B-4A37-9963-42D2B98BC68D}.Release Demo|Win32.Build.0 = Release|Win32
		{9C2F5156-B33B-4A37-9963-42D2B98BC68D}.Release|Win32.ActiveCfg = Release|Win32
		{9C2F5156-B33B-4A37-9963-42D2B98BC68D}.Release|Win32.Build.0 = Release|Win32
		{1AEEC2CF-AC94-45E2-A274-781E0E904D29}.Debug|Win32.ActiveCfg = Debug|Win32
		{1AEEC2CF-AC94-45E2-A274-781E0E904D29}.Debug|Win32.Build.0 = Debug|Win32
		{1AEEC2CF-AC94-45E2-A274-781E0E904D29}.Release (Demo)|Win32.ActiveCfg = Release|Win32
		{1AEEC2CF-AC94-45E2-A274-781E0E904D29}.Release (Demo)|Win32.Build.0 = Release|Win32
		{1AEEC2CF-AC94-45E2-A274-781E0E904D29}.Release Demo|Win32.ActiveCfg = Release|Win32
		{1AEEC2CF-AC94-45E2-A274-781E0E904D29}.Release Demo|Win32.Build.0 = Release|Win32
		{1AEEC2CF-AC94-45E2-A274-781E0E904D29}.Release|Win32.ActiveCfg = Release|Win32
		{1AEEC2CF-AC94-45E2-A274-781E0E904D29}.Release|Win32.Build.0 = Release|Win32
		{12ABE3C7-21D7-4A43-B39D-438637272D84}.Debug|Win32.ActiveCfg = Debug|Win32
		{12ABE3C7-21D7-4A43-B39D-438637272D84}.Debug|Win32.Build.0 = Debug|Win32
		{12ABE3C7-21D7-4A43-B39D-438637272D84}.Release (Demo)|Win32.ActiveCfg = Release (Demo)|Win32
		{12ABE3C7-21D7-4A43-B39D-438637272D84}.Release (Demo)|Win32.Build.0 = Release (Demo)|Win32
		{12ABE3C7-21D7-4A43-B39D-438637272D84}.Release Demo|Win32.ActiveCfg = Release Demo|Win32
		{12ABE3C7-21D7-4A43-B39D-438637272D84}.Release Demo|Win32.Build.0 = Release Demo|Win32
		{12ABE3C7-21D7-4A43-B39D-438637272D84}.Release|Win32.ActiveCfg = Release|Win32
		{12ABE3C7-21D7-4A43-B39D-438637272D84}.Release|Win32.Build.0 = Release|Win32
		{C82F8D29-1629-432B-9283-0C9D301EC88C}.Debug|Win32.ActiveCfg = Debug|Win32
		{C82F8D29-1629-432B-9283-0C9D301EC88C}.Debug|Win32.Build.0 = Debug|Win32
		{C82F8D29-1629-432B-9283-0C9D301EC88C}.Release (Demo)|Win32.ActiveCfg = Release|Win32
		{C82F8D29-1629-432B-9283-0C9D301EC88C}.Release (Demo)|Win32.Build.0 = Release|Win32
		{C82F8D29-1629-432B-9283-0C9D301EC88C}.Release Demo|Win32.ActiveCfg = Release|Win32
		{C82F8D29-1629-432B-9283-0C9D301EC88C}.Release Demo|Win32.Build.0 = Release|Win32
		{C82F8D29-1629-432B-9283-0C9D301EC88C}.Release|Win32.ActiveCfg = Release|Win32
		{C82F8D29-1629-432B-9283-0C9D301EC88C}.Release|Win32.Build.0 = Release|Win32
		{2EFF558B-0DE7-4427-9760-77D7F08BF2C0}.Debug|Win32.ActiveCfg = Debug|Win32
		{2EFF558B-0DE7-4427-9760-77D7F08BF2C0}.Debug|Win32.Build.0 = Debug|Win32
		{2EFF558B-0DE7-4427-9760-77D7F08BF2C0}.Release (Demo)|Win32.ActiveCfg = Release (Demo)|Win32
		{2EFF558B-0DE7-4427-9760-77D7F08BF2C0}.Release (Demo)|Win32.Build.0 = Release (Demo)|Win32
		{2EFF558B-0DE7-4427-9760-77D7F08BF2C0}.Release Demo|Win32.ActiveCfg = Release Demo|Win32
		{2EFF558B-0DE7-4427-9760-77D7F08BF2C0}.Release Demo|Win32.Build.0 = Release Demo|Win32
		{2EFF558B-0DE7-4427-9760-77D7F08BF2C0}.Release|Win32.ActiveCfg = Release|Win32
		{2EFF558B-0DE7-4427-9760-77D7F08BF2C0}.Release|Win32.Build.0 = Release|Win32
		{0F478167-6AA7-45DB-9293-E3651E279CEA}.Debug|Win32.ActiveCfg = Debug|Win32
		{0F478167-6AA7-45DB-9293-E3651E279CEA}.Debug|Win32.Build.0 = Debug|Win32
		{0F478167-6AA7-45DB-9293-E3651E279CEA}.Release (Demo)|Win32.ActiveCfg = Release (Demo)|Win32
		{0F478167-6AA7-45DB-9293-E3651E279CEA}.Release (Demo)|Win32.Build.0 = Release (Demo)|Win32
		{0F478167-6AA7-45DB-9293-E3651E279CEA}.Release Demo|Win32.ActiveCfg = Release Demo|Win32
		{0F478167-6AA7-45DB-9293-E3651E279CEA}.Release Demo|Win32.Build.0 = Release Demo|Win32
		{0F478167-6AA7-45DB-9293-E3651E279CEA}.Release|Win32.ActiveCfg = Release|Win32
		{0F478167-6AA7-45DB-9293-E3651E279CEA}.Release|Win32.Build.0 = Release|Win32
		{935D671A-1D04-469C-AB88-145211CF871D}.Debug|Win32.ActiveCfg = Debug|Win32
		{935D671A-1D04-469C-AB88-145211CF871D}.Debug|Win32.Build.0 = Debug|Win32
		{935D671A-1D04-469C-AB88-145211CF871D}.Release (Demo)|Win32.ActiveCfg = Release|Win32
		{935D671A-1D04-469C-AB88-145211CF871D}.Release (Demo)|Win32.Build.0 = Release|Win32
		{935D671A-1D04-469C-AB88-145211CF871D}.Release Demo|Win32.ActiveCfg = Release|Win32
		{935D671A-1D04-469C-AB88-145211CF871D}.Release Demo|Win32.Build.0 = Release|Win32
		{935D671A-1D04-469C-AB88-145211CF871D}.Release|Win32.ActiveCfg = Release|Win32
		{935D671A-1D04-469C-AB88-145211CF871D}.Release|Win32.Build.0 = Release|Win32
		{1C62B880-4617-4F19-9DC1-3147245BA2F4}.Debug|Win32.ActiveCfg = Debug|Win32
		{1C62B880-4617-4F19-9DC1-3147245BA2F4}.Debug|Win32.Build.0 = Debug|Win32
		{1C62B880-4617-4F19-9DC1-3147245BA2F4}.Release (Demo)|Win32.ActiveCfg = Release|Win32
		{1C62B880-4617-4F19-9DC1-3147245BA2F4}.Release (Demo)|Win32.Build.0 = Release|Win32
		{1C62B880-4617-4F19-9DC1-3147245BA2F4}.Release Demo|Win32.ActiveCfg = Release|Win32
		{1C62B880-4617-4F19-9DC1-3147245BA2F4}.Release Demo|Win32.Build.0 = Release|Win32
		{1C62B880-4617-4F19-9DC1-3147245BA2F4}.Release|Win32.ActiveCfg = Release|Win32
		{1C62B880-4617-4F19-9DC1-3147245BA2F4}.Release|Win32.Build.0 = Release|Win32
		{C63F925C-AA87-4BFC-8435-474F285B5308}.Debug|Win32.ActiveCfg = Debug|Win32
		{C63F925C-AA87-4BFC-8435-474F285B5308}.Debug|Win32.Build.0 = Debug|Win32
		{C63F925C-AA87-4BFC-8435-474F285B5308}.Release (Demo)|Win32.ActiveCfg = Release|Win32
		{C63F925C-AA87-4BFC-8435-474F285B5308}.Release (Demo)|Win32.Build.0 = Release|Win32
		{C63F925C-AA87-4BFC-8435-474F285B5308}.Release Demo|Win32.ActiveCfg = Release|Win32
		{C63F925C-AA87-4BFC-8435-474F285B5308}.Release Demo|Win32.Build.0 = Release|Win32
		{C63F925C-AA87-4BFC-8435-474F285B5308}.Release|Win32.ActiveCfg = Release|Win32
		{C63F925C-AA87-4BFC-8435-474F285B5308}.Release|Win32.Build.0 = Release|Win32
		{6266CC58-D812-4B68-81DC-F57CE61CDCC2}.Debug|Win32.ActiveCfg = Debug|Win32
		{6266CC58-D812-4B68-81DC-F57CE61CDCC2}.Debug|Win32.Build.0 = Debug|Win32
		{6266CC58-D812-4B68-81DC-F57CE61CDCC2}.Release (Demo)|Win32.ActiveCfg = Release|Win32
		{6266CC58-D812-4B68-81DC-F57CE61CDCC2}.Release (Demo)|Win32.Build.0 = Release|Win32
		{6266CC58-D812-4B68-81DC-F57CE61CDCC2}.Release Demo|Win32.ActiveCfg = Release|Win32
		{6266CC58-D812-4B68-81DC-F57CE61CDCC2}.Release Demo|Win32.Build.0 = Release|Win32
		{6266CC58-D812-4B68-81DC-F57CE61CDCC2}.Release|Win32.ActiveCfg = Release|Win32
		{6266CC58-D812-4B68-81DC-F57CE61CDCC2}.Release|Win32.Build.0 = Release|Win32
		{E0ABBF5F-77E6-40B4-8068-D7B390258897}.Debug|Win32.ActiveCfg = Debug|Win32
		{E0ABBF5F-77E6-40B4-8068-D7B390258897}.Debug|Win32.Build.0 = Debug|Win32
		{E0ABBF5F-77E6-40B4-8068-D7B390258897}.Release (Demo)|Win32.ActiveCfg = Release|Win32
		{E0ABBF5F-77E6-40B4-8068-D7B390258897}.Release (Demo)|Win32.Build.0 = Release|Win32
		{E0ABBF5F-77E6-40B4-8068-D7B390258897}.Release Demo|Win32.ActiveCfg = Release|Win32
		{E0ABBF5F-77E6-40B4-8068-D7B390258897}.Release Demo|Win32.Build.0 = Release|Win32
		{E0ABBF5F-77E6-40B4-8068-D7B390258897}.Release|Win32.ActiveCfg = Release|Win32
		{E0ABBF5F-77E6-40B4-8068-D7B390258897}.Release|Win32.Build.0 = Release|Win32
		{5C78C52E-E13A-40A3-9B2E-F3AE47814148}.Debug|Win32.ActiveCfg = Debug|Win32
		{5C78C52E-E13A-40A3-9B2E-F3AE47814148}.Debug|Win32.Build.0 = Debug|Win32
		{5C78C52E-E13A-40A3-9B2E-F3AE47814148}.Release (Demo)|Win32.ActiveCfg = Release (Demo)|Win32
		{5C78C52E-E13A-40A3-9B2E-F3AE47814148}.Release (Demo)|Win32.Build.0 = Release (Demo)|Win32
		{5C78C52E-E13A-40A3-9B2E-F3AE47814148}.Release Demo|Win32.ActiveCfg = Release Demo|Win32
		{5C78C52E-E13A-40A3-9B2E-F3AE47814148}.Release Demo|Win32.Build.0 = Release Demo|Win32
		{5C78C52E-E13A-40A3-9B2E-F3AE47814148}.Release|Win32.ActiveCfg = Release|Win32
		{5C78C52E-E13A-40A3-9B2E-F3AE47814148}.Release|Win32.Build.0 = Release|Win32
	EndGlobalSection
	GlobalSection(SolutionProperties) = preSolution
		HideSolutionNode = FALSE
	EndGlobalSection
EndGlobal
